
Microsoft Visual Studio Solution File, Format Version 12.00
# Visual Studio Version 16
VisualStudioVersion = 16.0.30804.86
MinimumVisualStudioVersion = 10.0.40219.1
Project("{FAE04EC0-301F-11D3-BF4B-00C04F79EFBC}") = "TS1C2021-Estructuras_Repetitivas", "TS1C2021-Estructuras_Repetitivas.csproj", "{348A3E5B-F1BA-481C-9F41-0AD2936E05E6}"
EndProject
Global
	GlobalSection(SolutionConfigurationPlatforms) = preSolution
		Debug|Any CPU = Debug|Any CPU
		Release|Any CPU = Release|Any CPU
	EndGlobalSection
	GlobalSection(ProjectConfigurationPlatforms) = postSolution
		{348A3E5B-F1BA-481C-9F41-0AD2936E05E6}.Debug|Any CPU.ActiveCfg = Debug|Any CPU
		{348A3E5B-F1BA-481C-9F41-0AD2936E05E6}.Debug|Any CPU.Build.0 = Debug|Any CPU
		{348A3E5B-F1BA-481C-9F41-0AD2936E05E6}.Release|Any CPU.ActiveCfg = Release|Any CPU
		{348A3E5B-F1BA-481C-9F41-0AD2936E05E6}.Release|Any CPU.Build.0 = Release|Any CPU
	EndGlobalSection
	GlobalSection(SolutionProperties) = preSolution
		HideSolutionNode = FALSE
	EndGlobalSection
	GlobalSection(ExtensibilityGlobals) = postSolution
		SolutionGuid = {2DA97509-F1EC-43F9-9A1F-1DC5CAB81B3B}
	EndGlobalSection
EndGlobal
