
Microsoft Visual Studio Solution File, Format Version 12.00
# Visual Studio Version 16
VisualStudioVersion = 16.0.30804.86
MinimumVisualStudioVersion = 10.0.40219.1
Project("{FAE04EC0-301F-11D3-BF4B-00C04F79EFBC}") = "TS1C2021-HT10-Matrices", "TS1C2021-HT10-Matrices.csproj", "{EBAB0D5F-7FFC-422A-B73C-6E8FB8014346}"
EndProject
Global
	GlobalSection(SolutionConfigurationPlatforms) = preSolution
		Debug|Any CPU = Debug|Any CPU
		Release|Any CPU = Release|Any CPU
	EndGlobalSection
	GlobalSection(ProjectConfigurationPlatforms) = postSolution
		{EBAB0D5F-7FFC-422A-B73C-6E8FB8014346}.Debug|Any CPU.ActiveCfg = Debug|Any CPU
		{EBAB0D5F-7FFC-422A-B73C-6E8FB8014346}.Debug|Any CPU.Build.0 = Debug|Any CPU
		{EBAB0D5F-7FFC-422A-B73C-6E8FB8014346}.Release|Any CPU.ActiveCfg = Release|Any CPU
		{EBAB0D5F-7FFC-422A-B73C-6E8FB8014346}.Release|Any CPU.Build.0 = Release|Any CPU
	EndGlobalSection
	GlobalSection(SolutionProperties) = preSolution
		HideSolutionNode = FALSE
	EndGlobalSection
	GlobalSection(ExtensibilityGlobals) = postSolution
		SolutionGuid = {12F92C90-3ED5-471D-9A2A-944F5666BFCA}
	EndGlobalSection
EndGlobal
